
Microsoft Visual Studio Solution File, Format Version 11.00
# Visual Studio 2010
Project("{FAE04EC0-301F-11D3-BF4B-00C04F79EFBC}") = "CountTheDays", "CountTheDays\CountTheDays.csproj", "{199C8001-8C63-4610-89A6-22A10A7D1342}"
EndProject
Global
	GlobalSection(SolutionConfigurationPlatforms) = preSolution
		Debug|x86 = Debug|x86
		Release|x86 = Release|x86
	EndGlobalSection
	GlobalSection(ProjectConfigurationPlatforms) = postSolution
		{199C8001-8C63-4610-89A6-22A10A7D1342}.Debug|x86.ActiveCfg = Debug|x86
		{199C8001-8C63-4610-89A6-22A10A7D1342}.Debug|x86.Build.0 = Debug|x86
		{199C8001-8C63-4610-89A6-22A10A7D1342}.Release|x86.ActiveCfg = Release|x86
		{199C8001-8C63-4610-89A6-22A10A7D1342}.Release|x86.Build.0 = Release|x86
	EndGlobalSection
	GlobalSection(SolutionProperties) = preSolution
		HideSolutionNode = FALSE
	EndGlobalSection
EndGlobal
